{
  "requires": true,
  "lockfileVersion": 1,
  "dependencies": {
    "commander": {
      "version": "9.4.1",
      "resolved": "https://registry.npmjs.org/commander/-/commander-9.4.1.tgz",
      "integrity": "sha512-5EEkTNyHNGFPD2H+c/dXXfQZYa/scCKasxWcXJaWnNJ99pnQN9Vnmqow+p+PlFPE63Q6mThaZws1T+HxfpgtPw=="
    },
    "mdn-polyfills": {
      "version": "5.20.0",
      "resolved": "https://registry.npmjs.org/mdn-polyfills/-/mdn-polyfills-5.20.0.tgz",
      "integrity": "sha512-AbTv1ytcoOUAkxw6u5oo2QPf27kEZgxBAQr49jFb4i2VnTnFGfJbcIQ9UDBOdfNECeXsgkYFwB2BkdeTfOzztw=="
    },
    "mdui": {
      "version": "1.0.2",
      "resolved": "https://registry.npmjs.org/mdui/-/mdui-1.0.2.tgz",
      "integrity": "sha512-LIaDjVjzyPY8PUjlhCXiE4mOXinh+jv38H/zsrR00/Y9OWzdncPlvir3mzZGuxT4sh9rHOrh06zfsOPoBjIhzA==",
      "requires": {
        "mdn-polyfills": "^5.20.0",
        "mdui.jq": "^2.0.1",
        "normalize.css": "^8.0.1",
        "promise-polyfill": "^8.2.0"
      }
    },
    "mdui.jq": {
      "version": "2.0.1",
      "resolved": "https://registry.npmjs.org/mdui.jq/-/mdui.jq-2.0.1.tgz",
      "integrity": "sha512-BNT4q/4gAqDYVNUVHmYoJoIu04Rmz0Ow0j38VwZgIahWphpyDdOxReQZzMUGDizXZUJ0+r+JpdKVxKMVP27VAg==",
      "requires": {
        "mdn-polyfills": "^5.20.0",
        "promise-polyfill": "^8.2.0"
      }
    },
    "normalize.css": {
      "version": "8.0.1",
      "resolved": "https://registry.npmjs.org/normalize.css/-/normalize.css-8.0.1.tgz",
      "integrity": "sha512-qizSNPO93t1YUuUhP22btGOo3chcvDFqFaj2TRybP0DMxkHOCTYwp3n34fel4a31ORXy4m1Xq0Gyqpb5m33qIg=="
    },
    "promise-polyfill": {
      "version": "8.2.3",
      "resolved": "https://registry.npmjs.org/promise-polyfill/-/promise-polyfill-8.2.3.tgz",
      "integrity": "sha512-Og0+jCRQetV84U8wVjMNccfGCnMQ9mGs9Hv78QFe+pSDD3gWTpz0y+1QCuxy5d/vBFuZ3iwP2eycAkvqIMPmWg=="
    },
    "showdown": {
      "version": "2.1.0",
      "resolved": "https://registry.npmjs.org/showdown/-/showdown-2.1.0.tgz",
      "integrity": "sha512-/6NVYu4U819R2pUIk79n67SYgJHWCce0a5xTP979WbNp0FL9MN1I1QK662IDU1b6JzKTvmhgI7T7JYIxBi3kMQ==",
      "requires": {
        "commander": "^9.0.0"
      }
    }
  }
}
