{
  "name": "student-space-web",
  "lockfileVersion": 3,
  "requires": true,
  "packages": {
    "": {
      "dependencies": {
        "dexie": "^3.2.3",
        "eruda": "^2.11.2",
        "eruda-dom": "^2.0.0",
        "eruda-memory": "^2.0.0",
        "js-base64": "^3.7.5",
        "mdui": "^1.0.2",
        "showdown": "^2.1.0",
        "viewerjs": "^1.11.2"
      }
    },
    "node_modules/commander": {
      "version": "9.5.0",
      "resolved": "https://registry.npmjs.org/commander/-/commander-9.5.0.tgz",
      "integrity": "sha512-KRs7WVDKg86PWiuAqhDrAQnTXZKraVcCc6vFdL14qrZ/DcWwuRo7VoiYXalXO7S5GKpqYiVEwCbgFDfxNHKJBQ==",
      "engines": {
        "node": "^12.20.0 || >=14"
      }
    },
    "node_modules/dexie": {
      "version": "3.2.3",
      "resolved": "https://registry.npmjs.org/dexie/-/dexie-3.2.3.tgz",
      "integrity": "sha512-iHayBd4UYryDCVUNa3PMsJMEnd8yjyh5p7a+RFeC8i8n476BC9wMhVvqiImq5zJZJf5Tuer+s4SSj+AA3x+ZbQ==",
      "engines": {
        "node": ">=6.0"
      }
    },
    "node_modules/eruda": {
      "version": "2.11.2",
      "resolved": "https://registry.npmjs.org/eruda/-/eruda-2.11.2.tgz",
      "integrity": "sha512-WN/o7sKlkOwGUDju0hCwfqvCmGiZFzWAbxT0LF+TA/kuJmcBPoNr0OMrnoEoKJWQqrVzVlZpLON4vegpsoSaPQ=="
    },
    "node_modules/eruda-dom": {
      "version": "2.0.0",
      "resolved": "https://registry.npmjs.org/eruda-dom/-/eruda-dom-2.0.0.tgz",
      "integrity": "sha512-aVsfmHow+LwInEBvn57WY5vQLNL9uJ8goV6mKTazhOWweI1h/XyqvNt1ojZjQvLM66kWDTgUNuugrP3k6KWDyw=="
    },
    "node_modules/eruda-memory": {
      "version": "2.0.0",
      "resolved": "https://registry.npmjs.org/eruda-memory/-/eruda-memory-2.0.0.tgz",
      "integrity": "sha512-8k4NgirY5eLmz6fNdyrQ2dSn1Mq+Rg7d799+ha/J7OnDoz7F3WtnElSu2dhgxBCpjv4BzmYGTIyc85sWmdmy9A=="
    },
    "node_modules/js-base64": {
      "version": "3.7.5",
      "resolved": "https://registry.npmjs.org/js-base64/-/js-base64-3.7.5.tgz",
      "integrity": "sha512-3MEt5DTINKqfScXKfJFrRbxkrnk2AxPWGBL/ycjz4dK8iqiSJ06UxD8jh8xuh6p10TX4t2+7FsBYVxxQbMg+qA=="
    },
    "node_modules/mdn-polyfills": {
      "version": "5.20.0",
      "resolved": "https://registry.npmjs.org/mdn-polyfills/-/mdn-polyfills-5.20.0.tgz",
      "integrity": "sha512-AbTv1ytcoOUAkxw6u5oo2QPf27kEZgxBAQr49jFb4i2VnTnFGfJbcIQ9UDBOdfNECeXsgkYFwB2BkdeTfOzztw=="
    },
    "node_modules/mdui": {
      "version": "1.0.2",
      "resolved": "https://registry.npmjs.org/mdui/-/mdui-1.0.2.tgz",
      "integrity": "sha512-LIaDjVjzyPY8PUjlhCXiE4mOXinh+jv38H/zsrR00/Y9OWzdncPlvir3mzZGuxT4sh9rHOrh06zfsOPoBjIhzA==",
      "dependencies": {
        "mdn-polyfills": "^5.20.0",
        "mdui.jq": "^2.0.1",
        "normalize.css": "^8.0.1",
        "promise-polyfill": "^8.2.0"
      },
      "engines": {
        "node": ">=14"
      }
    },
    "node_modules/mdui.jq": {
      "version": "2.0.1",
      "resolved": "https://registry.npmjs.org/mdui.jq/-/mdui.jq-2.0.1.tgz",
      "integrity": "sha512-BNT4q/4gAqDYVNUVHmYoJoIu04Rmz0Ow0j38VwZgIahWphpyDdOxReQZzMUGDizXZUJ0+r+JpdKVxKMVP27VAg==",
      "dependencies": {
        "mdn-polyfills": "^5.20.0",
        "promise-polyfill": "^8.2.0"
      },
      "engines": {
        "node": ">=14"
      }
    },
    "node_modules/normalize.css": {
      "version": "8.0.1",
      "resolved": "https://registry.npmjs.org/normalize.css/-/normalize.css-8.0.1.tgz",
      "integrity": "sha512-qizSNPO93t1YUuUhP22btGOo3chcvDFqFaj2TRybP0DMxkHOCTYwp3n34fel4a31ORXy4m1Xq0Gyqpb5m33qIg=="
    },
    "node_modules/promise-polyfill": {
      "version": "8.3.0",
      "resolved": "https://registry.npmjs.org/promise-polyfill/-/promise-polyfill-8.3.0.tgz",
      "integrity": "sha512-H5oELycFml5yto/atYqmjyigJoAo3+OXwolYiH7OfQuYlAqhxNvTfiNMbV9hsC6Yp83yE5r2KTVmtrG6R9i6Pg=="
    },
    "node_modules/showdown": {
      "version": "2.1.0",
      "resolved": "https://registry.npmjs.org/showdown/-/showdown-2.1.0.tgz",
      "integrity": "sha512-/6NVYu4U819R2pUIk79n67SYgJHWCce0a5xTP979WbNp0FL9MN1I1QK662IDU1b6JzKTvmhgI7T7JYIxBi3kMQ==",
      "dependencies": {
        "commander": "^9.0.0"
      },
      "bin": {
        "showdown": "bin/showdown.js"
      },
      "funding": {
        "type": "individual",
        "url": "https://www.paypal.me/tiviesantos"
      }
    },
    "node_modules/viewerjs": {
      "version": "1.11.2",
      "resolved": "https://registry.npmjs.org/viewerjs/-/viewerjs-1.11.2.tgz",
      "integrity": "sha512-z7N9R91ORhtLvOUxN7GoIl+MFVVMbtWNB1T2UmTKuMlzc4EevS+/bletZcIwDf8RIUzk2CFMdleQzcsjsfLl+A=="
    }
  }
}
